
Microsoft Visual Studio Solution File, Format Version 12.00
# Visual Studio 15
VisualStudioVersion = 15.0.28307.329
MinimumVisualStudioVersion = 10.0.40219.1
Project("{FAE04EC0-301F-11D3-BF4B-00C04F79EFBC}") = "WebSignalRChat", "WebSignalRChat\WebSignalRChat.csproj", "{CF86A465-A28B-4632-85BA-67493C7133D6}"
EndProject
Global
	GlobalSection(SolutionConfigurationPlatforms) = preSolution
		Debug|Any CPU = Debug|Any CPU
		Release|Any CPU = Release|Any CPU
	EndGlobalSection
	GlobalSection(ProjectConfigurationPlatforms) = postSolution
		{CF86A465-A28B-4632-85BA-67493C7133D6}.Debug|Any CPU.ActiveCfg = Debug|Any CPU
		{CF86A465-A28B-4632-85BA-67493C7133D6}.Debug|Any CPU.Build.0 = Debug|Any CPU
		{CF86A465-A28B-4632-85BA-67493C7133D6}.Release|Any CPU.ActiveCfg = Release|Any CPU
		{CF86A465-A28B-4632-85BA-67493C7133D6}.Release|Any CPU.Build.0 = Release|Any CPU
	EndGlobalSection
	GlobalSection(SolutionProperties) = preSolution
		HideSolutionNode = FALSE
	EndGlobalSection
	GlobalSection(ExtensibilityGlobals) = postSolution
		SolutionGuid = {52015785-D425-4DC7-B87D-F750FF066A7A}
	EndGlobalSection
EndGlobal
